
Microsoft Visual Studio Solution File, Format Version 12.00
# Visual Studio Version 17
VisualStudioVersion = 17.2.32616.157
MinimumVisualStudioVersion = 10.0.40219.1
Project("{9A19103F-16F7-4668-BE54-9A1E7A4F7556}") = "MathsCalculations", "MathsCalculations\MathsCalculations.csproj", "{CF1C6A86-B793-413D-8AF6-FA6081B96C11}"
EndProject
Project("{9A19103F-16F7-4668-BE54-9A1E7A4F7556}") = "ElementaryMathsProblems", "ElementaryMathsProblems\ElementaryMathsProblems.csproj", "{5493FB5B-5703-458F-8C20-8B97E0411701}"
EndProject
Global
	GlobalSection(SolutionConfigurationPlatforms) = preSolution
		Debug|Any CPU = Debug|Any CPU
		Release|Any CPU = Release|Any CPU
	EndGlobalSection
	GlobalSection(ProjectConfigurationPlatforms) = postSolution
		{CF1C6A86-B793-413D-8AF6-FA6081B96C11}.Debug|Any CPU.ActiveCfg = Debug|Any CPU
		{CF1C6A86-B793-413D-8AF6-FA6081B96C11}.Debug|Any CPU.Build.0 = Debug|Any CPU
		{CF1C6A86-B793-413D-8AF6-FA6081B96C11}.Release|Any CPU.ActiveCfg = Release|Any CPU
		{CF1C6A86-B793-413D-8AF6-FA6081B96C11}.Release|Any CPU.Build.0 = Release|Any CPU
		{5493FB5B-5703-458F-8C20-8B97E0411701}.Debug|Any CPU.ActiveCfg = Debug|Any CPU
		{5493FB5B-5703-458F-8C20-8B97E0411701}.Debug|Any CPU.Build.0 = Debug|Any CPU
		{5493FB5B-5703-458F-8C20-8B97E0411701}.Release|Any CPU.ActiveCfg = Release|Any CPU
		{5493FB5B-5703-458F-8C20-8B97E0411701}.Release|Any CPU.Build.0 = Release|Any CPU
	EndGlobalSection
	GlobalSection(SolutionProperties) = preSolution
		HideSolutionNode = FALSE
	EndGlobalSection
	GlobalSection(ExtensibilityGlobals) = postSolution
		SolutionGuid = {7DAF2D98-297C-41BE-BA3D-4BF87F7105EB}
	EndGlobalSection
EndGlobal
